
Microsoft Visual Studio Solution File, Format Version 12.00
# Visual Studio 15
VisualStudioVersion = 15.0.28010.2003
MinimumVisualStudioVersion = 10.0.40219.1
Project("{FAE04EC0-301F-11D3-BF4B-00C04F79EFBC}") = "eAlo", "eAlo\eAlo.csproj", "{9AFB9795-EB4C-498B-815A-D6D488409001}"
EndProject
Global
	GlobalSection(SolutionConfigurationPlatforms) = preSolution
		Debug|Any CPU = Debug|Any CPU
		Release|Any CPU = Release|Any CPU
	EndGlobalSection
	GlobalSection(ProjectConfigurationPlatforms) = postSolution
		{9AFB9795-EB4C-498B-815A-D6D488409001}.Debug|Any CPU.ActiveCfg = Debug|Any CPU
		{9AFB9795-EB4C-498B-815A-D6D488409001}.Debug|Any CPU.Build.0 = Debug|Any CPU
		{9AFB9795-EB4C-498B-815A-D6D488409001}.Release|Any CPU.ActiveCfg = Release|Any CPU
		{9AFB9795-EB4C-498B-815A-D6D488409001}.Release|Any CPU.Build.0 = Release|Any CPU
	EndGlobalSection
	GlobalSection(SolutionProperties) = preSolution
		HideSolutionNode = FALSE
	EndGlobalSection
	GlobalSection(ExtensibilityGlobals) = postSolution
		SolutionGuid = {C0CE4703-31AC-4697-AE7E-73D54AF4B0CB}
	EndGlobalSection
EndGlobal
